// !$*UTF8*$!
{
	archiveVersion = 1;
	classes = {
	};
	objectVersion = 56;
	objects = {

/* Begin PBXBuildFile section */
		7F188A5A2ADCF3AE00D36375 /* MovieView.swift in Sources */ = {isa = PBXBuildFile; fileRef = 7F188A592ADCF3AE00D36375 /* MovieView.swift */; };
		7F379BFB2AE780FB00FE8421 /* Actor.swift in Sources */ = {isa = PBXBuildFile; fileRef = 7F379BFA2AE780FB00FE8421 /* Actor.swift */; };
		7F69FABC2AD8DC7E00748A85 /* MoviesApp.swift in Sources */ = {isa = PBXBuildFile; fileRef = 7F69FABB2AD8DC7E00748A85 /* MoviesApp.swift */; };
		7F69FAC22AD8DC7F00748A85 /* Assets.xcassets in Resources */ = {isa = PBXBuildFile; fileRef = 7F69FAC12AD8DC7F00748A85 /* Assets.xcassets */; };
		7F69FAC52AD8DC7F00748A85 /* Preview Assets.xcassets in Resources */ = {isa = PBXBuildFile; fileRef = 7F69FAC42AD8DC7F00748A85 /* Preview Assets.xcassets */; };
		7F69FACC2AD8DF1300748A85 /* Movie.swift in Sources */ = {isa = PBXBuildFile; fileRef = 7F69FACB2AD8DF1300748A85 /* Movie.swift */; };
		7F69FAD02AD8ED4800748A85 /* AdMovieScreen.swift in Sources */ = {isa = PBXBuildFile; fileRef = 7F69FACF2AD8ED4800748A85 /* AdMovieScreen.swift */; };
		7F69FAD32AD8EE1700748A85 /* StringExtension.swift in Sources */ = {isa = PBXBuildFile; fileRef = 7F69FAD22AD8EE1700748A85 /* StringExtension.swift */; };
		7F69FAD52AD93DF600748A85 /* MovieListScreen.swift in Sources */ = {isa = PBXBuildFile; fileRef = 7F69FAD42AD93DF600748A85 /* MovieListScreen.swift */; };
		7FAAF12C2ADE78FE00A39D1C /* MovieDetailScreen.swift in Sources */ = {isa = PBXBuildFile; fileRef = 7FAAF12B2ADE78FE00A39D1C /* MovieDetailScreen.swift */; };
		7FB5DD5B2ADF9C59003A83C4 /* Review.swift in Sources */ = {isa = PBXBuildFile; fileRef = 7FB5DD5A2ADF9C59003A83C4 /* Review.swift */; };
		7FB5DD5D2ADF9FA9003A83C4 /* AddReviewScreen.swift in Sources */ = {isa = PBXBuildFile; fileRef = 7FB5DD5C2ADF9FA9003A83C4 /* AddReviewScreen.swift */; };
		7FBCECB52AE10D2100E2A3EE /* ReviewListView.swift in Sources */ = {isa = PBXBuildFile; fileRef = 7FBCECB42AE10D2100E2A3EE /* ReviewListView.swift */; };
/* End PBXBuildFile section */

/* Begin PBXFileReference section */
		7F188A592ADCF3AE00D36375 /* MovieView.swift */ = {isa = PBXFileReference; lastKnownFileType = sourcecode.swift; path = MovieView.swift; sourceTree = "<group>"; };
		7F379BFA2AE780FB00FE8421 /* Actor.swift */ = {isa = PBXFileReference; lastKnownFileType = sourcecode.swift; path = Actor.swift; sourceTree = "<group>"; };
		7F69FAB82AD8DC7E00748A85 /* Movies.app */ = {isa = PBXFileReference; explicitFileType = wrapper.application; includeInIndex = 0; path = Movies.app; sourceTree = BUILT_PRODUCTS_DIR; };
		7F69FABB2AD8DC7E00748A85 /* MoviesApp.swift */ = {isa = PBXFileReference; lastKnownFileType = sourcecode.swift; path = MoviesApp.swift; sourceTree = "<group>"; };
		7F69FAC12AD8DC7F00748A85 /* Assets.xcassets */ = {isa = PBXFileReference; lastKnownFileType = folder.assetcatalog; path = Assets.xcassets; sourceTree = "<group>"; };
		7F69FAC42AD8DC7F00748A85 /* Preview Assets.xcassets */ = {isa = PBXFileReference; lastKnownFileType = folder.assetcatalog; path = "Preview Assets.xcassets"; sourceTree = "<group>"; };
		7F69FACB2AD8DF1300748A85 /* Movie.swift */ = {isa = PBXFileReference; lastKnownFileType = sourcecode.swift; path = Movie.swift; sourceTree = "<group>"; };
		7F69FACF2AD8ED4800748A85 /* AdMovieScreen.swift */ = {isa = PBXFileReference; lastKnownFileType = sourcecode.swift; path = AdMovieScreen.swift; sourceTree = "<group>"; };
		7F69FAD22AD8EE1700748A85 /* StringExtension.swift */ = {isa = PBXFileReference; lastKnownFileType = sourcecode.swift; path = StringExtension.swift; sourceTree = "<group>"; };
		7F69FAD42AD93DF600748A85 /* MovieListScreen.swift */ = {isa = PBXFileReference; lastKnownFileType = sourcecode.swift; path = MovieListScreen.swift; sourceTree = "<group>"; };
		7FAAF12B2ADE78FE00A39D1C /* MovieDetailScreen.swift */ = {isa = PBXFileReference; lastKnownFileType = sourcecode.swift; path = MovieDetailScreen.swift; sourceTree = "<group>"; };
		7FB5DD5A2ADF9C59003A83C4 /* Review.swift */ = {isa = PBXFileReference; lastKnownFileType = sourcecode.swift; path = Review.swift; sourceTree = "<group>"; };
		7FB5DD5C2ADF9FA9003A83C4 /* AddReviewScreen.swift */ = {isa = PBXFileReference; lastKnownFileType = sourcecode.swift; path = AddReviewScreen.swift; sourceTree = "<group>"; };
		7FBCECB42AE10D2100E2A3EE /* ReviewListView.swift */ = {isa = PBXFileReference; lastKnownFileType = sourcecode.swift; path = ReviewListView.swift; sourceTree = "<group>"; };
/* End PBXFileReference section */

/* Begin PBXFrameworksBuildPhase section */
		7F69FAB52AD8DC7E00748A85 /* Frameworks */ = {
			isa = PBXFrameworksBuildPhase;
			buildActionMask = 2147483647;
			files = (
			);
			runOnlyForDeploymentPostprocessing = 0;
		};
/* End PBXFrameworksBuildPhase section */

/* Begin PBXGroup section */
		7F188A582ADCF39F00D36375 /* Views */ = {
			isa = PBXGroup;
			children = (
				7F188A592ADCF3AE00D36375 /* MovieView.swift */,
				7FBCECB42AE10D2100E2A3EE /* ReviewListView.swift */,
			);
			path = Views;
			sourceTree = "<group>";
		};
		7F69FAAF2AD8DC7E00748A85 = {
			isa = PBXGroup;
			children = (
				7F69FABA2AD8DC7E00748A85 /* Movies */,
				7F69FAB92AD8DC7E00748A85 /* Products */,
			);
			sourceTree = "<group>";
		};
		7F69FAB92AD8DC7E00748A85 /* Products */ = {
			isa = PBXGroup;
			children = (
				7F69FAB82AD8DC7E00748A85 /* Movies.app */,
			);
			name = Products;
			sourceTree = "<group>";
		};
		7F69FABA2AD8DC7E00748A85 /* Movies */ = {
			isa = PBXGroup;
			children = (
				7F188A582ADCF39F00D36375 /* Views */,
				7F69FAD12AD8EE0400748A85 /* Extensions */,
				7F69FACE2AD8ED3000748A85 /* Models */,
				7F69FACD2AD8ED2300748A85 /* Screens */,
				7F69FABB2AD8DC7E00748A85 /* MoviesApp.swift */,
				7F69FAC12AD8DC7F00748A85 /* Assets.xcassets */,
				7F69FAC32AD8DC7F00748A85 /* Preview Content */,
			);
			path = Movies;
			sourceTree = "<group>";
		};
		7F69FAC32AD8DC7F00748A85 /* Preview Content */ = {
			isa = PBXGroup;
			children = (
				7F69FAC42AD8DC7F00748A85 /* Preview Assets.xcassets */,
			);
			path = "Preview Content";
			sourceTree = "<group>";
		};
		7F69FACD2AD8ED2300748A85 /* Screens */ = {
			isa = PBXGroup;
			children = (
				7F69FACF2AD8ED4800748A85 /* AdMovieScreen.swift */,
				7F69FAD42AD93DF600748A85 /* MovieListScreen.swift */,
				7FAAF12B2ADE78FE00A39D1C /* MovieDetailScreen.swift */,
				7FB5DD5C2ADF9FA9003A83C4 /* AddReviewScreen.swift */,
			);
			path = Screens;
			sourceTree = "<group>";
		};
		7F69FACE2AD8ED3000748A85 /* Models */ = {
			isa = PBXGroup;
			children = (
				7F69FACB2AD8DF1300748A85 /* Movie.swift */,
				7FB5DD5A2ADF9C59003A83C4 /* Review.swift */,
				7F379BFA2AE780FB00FE8421 /* Actor.swift */,
			);
			path = Models;
			sourceTree = "<group>";
		};
		7F69FAD12AD8EE0400748A85 /* Extensions */ = {
			isa = PBXGroup;
			children = (
				7F69FAD22AD8EE1700748A85 /* StringExtension.swift */,
			);
			path = Extensions;
			sourceTree = "<group>";
		};
/* End PBXGroup section */

/* Begin PBXNativeTarget section */
		7F69FAB72AD8DC7E00748A85 /* Movies */ = {
			isa = PBXNativeTarget;
			buildConfigurationList = 7F69FAC82AD8DC7F00748A85 /* Build configuration list for PBXNativeTarget "Movies" */;
			buildPhases = (
				7F69FAB42AD8DC7E00748A85 /* Sources */,
				7F69FAB52AD8DC7E00748A85 /* Frameworks */,
				7F69FAB62AD8DC7E00748A85 /* Resources */,
			);
			buildRules = (
			);
			dependencies = (
			);
			name = Movies;
			productName = Movies;
			productReference = 7F69FAB82AD8DC7E00748A85 /* Movies.app */;
			productType = "com.apple.product-type.application";
		};
/* End PBXNativeTarget section */

/* Begin PBXProject section */
		7F69FAB02AD8DC7E00748A85 /* Project object */ = {
			isa = PBXProject;
			attributes = {
				BuildIndependentTargetsInParallel = 1;
				LastSwiftUpdateCheck = 1500;
				LastUpgradeCheck = 1500;
				TargetAttributes = {
					7F69FAB72AD8DC7E00748A85 = {
						CreatedOnToolsVersion = 15.0;
					};
				};
			};
			buildConfigurationList = 7F69FAB32AD8DC7E00748A85 /* Build configuration list for PBXProject "Movies" */;
			compatibilityVersion = "Xcode 14.0";
			developmentRegion = en;
			hasScannedForEncodings = 0;
			knownRegions = (
				en,
				Base,
			);
			mainGroup = 7F69FAAF2AD8DC7E00748A85;
			productRefGroup = 7F69FAB92AD8DC7E00748A85 /* Products */;
			projectDirPath = "";
			projectRoot = "";
			targets = (
				7F69FAB72AD8DC7E00748A85 /* Movies */,
			);
		};
/* End PBXProject section */

/* Begin PBXResourcesBuildPhase section */
		7F69FAB62AD8DC7E00748A85 /* Resources */ = {
			isa = PBXResourcesBuildPhase;
			buildActionMask = 2147483647;
			files = (
				7F69FAC52AD8DC7F00748A85 /* Preview Assets.xcassets in Resources */,
				7F69FAC22AD8DC7F00748A85 /* Assets.xcassets in Resources */,
			);
			runOnlyForDeploymentPostprocessing = 0;
		};
/* End PBXResourcesBuildPhase section */

/* Begin PBXSourcesBuildPhase section */
		7F69FAB42AD8DC7E00748A85 /* Sources */ = {
			isa = PBXSourcesBuildPhase;
			buildActionMask = 2147483647;
			files = (
				7FB5DD5D2ADF9FA9003A83C4 /* AddReviewScreen.swift in Sources */,
				7F188A5A2ADCF3AE00D36375 /* MovieView.swift in Sources */,
				7FB5DD5B2ADF9C59003A83C4 /* Review.swift in Sources */,
				7F69FACC2AD8DF1300748A85 /* Movie.swift in Sources */,
				7F379BFB2AE780FB00FE8421 /* Actor.swift in Sources */,
				7FBCECB52AE10D2100E2A3EE /* ReviewListView.swift in Sources */,
				7FAAF12C2ADE78FE00A39D1C /* MovieDetailScreen.swift in Sources */,
				7F69FAD52AD93DF600748A85 /* MovieListScreen.swift in Sources */,
				7F69FAD32AD8EE1700748A85 /* StringExtension.swift in Sources */,
				7F69FABC2AD8DC7E00748A85 /* MoviesApp.swift in Sources */,
				7F69FAD02AD8ED4800748A85 /* AdMovieScreen.swift in Sources */,
			);
			runOnlyForDeploymentPostprocessing = 0;
		};
/* End PBXSourcesBuildPhase section */

/* Begin XCBuildConfiguration section */
		7F69FAC62AD8DC7F00748A85 /* Debug */ = {
			isa = XCBuildConfiguration;
			buildSettings = {
				ALWAYS_SEARCH_USER_PATHS = NO;
				ASSETCATALOG_COMPILER_GENERATE_SWIFT_ASSET_SYMBOL_EXTENSIONS = YES;
				CLANG_ANALYZER_NONNULL = YES;
				CLANG_ANALYZER_NUMBER_OBJECT_CONVERSION = YES_AGGRESSIVE;
				CLANG_CXX_LANGUAGE_STANDARD = "gnu++20";
				CLANG_ENABLE_MODULES = YES;
				CLANG_ENABLE_OBJC_ARC = YES;
				CLANG_ENABLE_OBJC_WEAK = YES;
				CLANG_WARN_BLOCK_CAPTURE_AUTORELEASING = YES;
				CLANG_WARN_BOOL_CONVERSION = YES;
				CLANG_WARN_COMMA = YES;
				CLANG_WARN_CONSTANT_CONVERSION = YES;
				CLANG_WARN_DEPRECATED_OBJC_IMPLEMENTATIONS = YES;
				CLANG_WARN_DIRECT_OBJC_ISA_USAGE = YES_ERROR;
				CLANG_WARN_DOCUMENTATION_COMMENTS = YES;
				CLANG_WARN_EMPTY_BODY = YES;
				CLANG_WARN_ENUM_CONVERSION = YES;
				CLANG_WARN_INFINITE_RECURSION = YES;
				CLANG_WARN_INT_CONVERSION = YES;
				CLANG_WARN_NON_LITERAL_NULL_CONVERSION = YES;
				CLANG_WARN_OBJC_IMPLICIT_RETAIN_SELF = YES;
				CLANG_WARN_OBJC_LITERAL_CONVERSION = YES;
				CLANG_WARN_OBJC_ROOT_CLASS = YES_ERROR;
				CLANG_WARN_QUOTED_INCLUDE_IN_FRAMEWORK_HEADER = YES;
				CLANG_WARN_RANGE_LOOP_ANALYSIS = YES;
				CLANG_WARN_STRICT_PROTOTYPES = YES;
				CLANG_WARN_SUSPICIOUS_MOVE = YES;
				CLANG_WARN_UNGUARDED_AVAILABILITY = YES_AGGRESSIVE;
				CLANG_WARN_UNREACHABLE_CODE = YES;
				CLANG_WARN__DUPLICATE_METHOD_MATCH = YES;
				COPY_PHASE_STRIP = NO;
				DEBUG_INFORMATION_FORMAT = dwarf;
				ENABLE_STRICT_OBJC_MSGSEND = YES;
				ENABLE_TESTABILITY = YES;
				ENABLE_USER_SCRIPT_SANDBOXING = YES;
				GCC_C_LANGUAGE_STANDARD = gnu17;
				GCC_DYNAMIC_NO_PIC = NO;
				GCC_NO_COMMON_BLOCKS = YES;
				GCC_OPTIMIZATION_LEVEL = 0;
				GCC_PREPROCESSOR_DEFINITIONS = (
					"DEBUG=1",
					"$(inherited)",
				);
				GCC_WARN_64_TO_32_BIT_CONVERSION = YES;
				GCC_WARN_ABOUT_RETURN_TYPE = YES_ERROR;
				GCC_WARN_UNDECLARED_SELECTOR = YES;
				GCC_WARN_UNINITIALIZED_AUTOS = YES_AGGRESSIVE;
				GCC_WARN_UNUSED_FUNCTION = YES;
				GCC_WARN_UNUSED_VARIABLE = YES;
				IPHONEOS_DEPLOYMENT_TARGET = 17.0;
				LOCALIZATION_PREFERS_STRING_CATALOGS = YES;
				MTL_ENABLE_DEBUG_INFO = INCLUDE_SOURCE;
				MTL_FAST_MATH = YES;
				ONLY_ACTIVE_ARCH = YES;
				SDKROOT = iphoneos;
				SWIFT_ACTIVE_COMPILATION_CONDITIONS = "DEBUG $(inherited)";
				SWIFT_OPTIMIZATION_LEVEL = "-Onone";
			};
			name = Debug;
		};
		7F69FAC72AD8DC7F00748A85 /* Release */ = {
			isa = XCBuildConfiguration;
			buildSettings = {
				ALWAYS_SEARCH_USER_PATHS = NO;
				ASSETCATALOG_COMPILER_GENERATE_SWIFT_ASSET_SYMBOL_EXTENSIONS = YES;
				CLANG_ANALYZER_NONNULL = YES;
				CLANG_ANALYZER_NUMBER_OBJECT_CONVERSION = YES_AGGRESSIVE;
				CLANG_CXX_LANGUAGE_STANDARD = "gnu++20";
				CLANG_ENABLE_MODULES = YES;
				CLANG_ENABLE_OBJC_ARC = YES;
				CLANG_ENABLE_OBJC_WEAK = YES;
				CLANG_WARN_BLOCK_CAPTURE_AUTORELEASING = YES;
				CLANG_WARN_BOOL_CONVERSION = YES;
				CLANG_WARN_COMMA = YES;
				CLANG_WARN_CONSTANT_CONVERSION = YES;
				CLANG_WARN_DEPRECATED_OBJC_IMPLEMENTATIONS = YES;
				CLANG_WARN_DIRECT_OBJC_ISA_USAGE = YES_ERROR;
				CLANG_WARN_DOCUMENTATION_COMMENTS = YES;
				CLANG_WARN_EMPTY_BODY = YES;
				CLANG_WARN_ENUM_CONVERSION = YES;
				CLANG_WARN_INFINITE_RECURSION = YES;
				CLANG_WARN_INT_CONVERSION = YES;
				CLANG_WARN_NON_LITERAL_NULL_CONVERSION = YES;
				CLANG_WARN_OBJC_IMPLICIT_RETAIN_SELF = YES;
				CLANG_WARN_OBJC_LITERAL_CONVERSION = YES;
				CLANG_WARN_OBJC_ROOT_CLASS = YES_ERROR;
				CLANG_WARN_QUOTED_INCLUDE_IN_FRAMEWORK_HEADER = YES;
				CLANG_WARN_RANGE_LOOP_ANALYSIS = YES;
				CLANG_WARN_STRICT_PROTOTYPES = YES;
				CLANG_WARN_SUSPICIOUS_MOVE = YES;
				CLANG_WARN_UNGUARDED_AVAILABILITY = YES_AGGRESSIVE;
				CLANG_WARN_UNREACHABLE_CODE = YES;
				CLANG_WARN__DUPLICATE_METHOD_MATCH = YES;
				COPY_PHASE_STRIP = NO;
				DEBUG_INFORMATION_FORMAT = "dwarf-with-dsym";
				ENABLE_NS_ASSERTIONS = NO;
				ENABLE_STRICT_OBJC_MSGSEND = YES;
				ENABLE_USER_SCRIPT_SANDBOXING = YES;
				GCC_C_LANGUAGE_STANDARD = gnu17;
				GCC_NO_COMMON_BLOCKS = YES;
				GCC_WARN_64_TO_32_BIT_CONVERSION = YES;
				GCC_WARN_ABOUT_RETURN_TYPE = YES_ERROR;
				GCC_WARN_UNDECLARED_SELECTOR = YES;
				GCC_WARN_UNINITIALIZED_AUTOS = YES_AGGRESSIVE;
				GCC_WARN_UNUSED_FUNCTION = YES;
				GCC_WARN_UNUSED_VARIABLE = YES;
				IPHONEOS_DEPLOYMENT_TARGET = 17.0;
				LOCALIZATION_PREFERS_STRING_CATALOGS = YES;
				MTL_ENABLE_DEBUG_INFO = NO;
				MTL_FAST_MATH = YES;
				SDKROOT = iphoneos;
				SWIFT_COMPILATION_MODE = wholemodule;
				VALIDATE_PRODUCT = YES;
			};
			name = Release;
		};
		7F69FAC92AD8DC7F00748A85 /* Debug */ = {
			isa = XCBuildConfiguration;
			buildSettings = {
				ASSETCATALOG_COMPILER_APPICON_NAME = AppIcon;
				ASSETCATALOG_COMPILER_GLOBAL_ACCENT_COLOR_NAME = AccentColor;
				CODE_SIGN_STYLE = Automatic;
				CURRENT_PROJECT_VERSION = 1;
				DEVELOPMENT_ASSET_PATHS = "\"Movies/Preview Content\"";
				DEVELOPMENT_TEAM = 3LRRFJP4U9;
				ENABLE_PREVIEWS = YES;
				GENERATE_INFOPLIST_FILE = YES;
				INFOPLIST_KEY_UIApplicationSceneManifest_Generation = YES;
				INFOPLIST_KEY_UIApplicationSupportsIndirectInputEvents = YES;
				INFOPLIST_KEY_UILaunchScreen_Generation = YES;
				INFOPLIST_KEY_UISupportedInterfaceOrientations_iPad = "UIInterfaceOrientationPortrait UIInterfaceOrientationPortraitUpsideDown UIInterfaceOrientationLandscapeLeft UIInterfaceOrientationLandscapeRight";
				INFOPLIST_KEY_UISupportedInterfaceOrientations_iPhone = "UIInterfaceOrientationPortrait UIInterfaceOrientationLandscapeLeft UIInterfaceOrientationLandscapeRight";
				LD_RUNPATH_SEARCH_PATHS = (
					"$(inherited)",
					"@executable_path/Frameworks",
				);
				MARKETING_VERSION = 1.0;
				PRODUCT_BUNDLE_IDENTIFIER = com.mxy.Movies;
				PRODUCT_NAME = "$(TARGET_NAME)";
				SWIFT_EMIT_LOC_STRINGS = YES;
				SWIFT_VERSION = 5.0;
				TARGETED_DEVICE_FAMILY = "1,2";
			};
			name = Debug;
		};
		7F69FACA2AD8DC7F00748A85 /* Release */ = {
			isa = XCBuildConfiguration;
			buildSettings = {
				ASSETCATALOG_COMPILER_APPICON_NAME = AppIcon;
				ASSETCATALOG_COMPILER_GLOBAL_ACCENT_COLOR_NAME = AccentColor;
				CODE_SIGN_STYLE = Automatic;
				CURRENT_PROJECT_VERSION = 1;
				DEVELOPMENT_ASSET_PATHS = "\"Movies/Preview Content\"";
				DEVELOPMENT_TEAM = 3LRRFJP4U9;
				ENABLE_PREVIEWS = YES;
				GENERATE_INFOPLIST_FILE = YES;
				INFOPLIST_KEY_UIApplicationSceneManifest_Generation = YES;
				INFOPLIST_KEY_UIApplicationSupportsIndirectInputEvents = YES;
				INFOPLIST_KEY_UILaunchScreen_Generation = YES;
				INFOPLIST_KEY_UISupportedInterfaceOrientations_iPad = "UIInterfaceOrientationPortrait UIInterfaceOrientationPortraitUpsideDown UIInterfaceOrientationLandscapeLeft UIInterfaceOrientationLandscapeRight";
				INFOPLIST_KEY_UISupportedInterfaceOrientations_iPhone = "UIInterfaceOrientationPortrait UIInterfaceOrientationLandscapeLeft UIInterfaceOrientationLandscapeRight";
				LD_RUNPATH_SEARCH_PATHS = (
					"$(inherited)",
					"@executable_path/Frameworks",
				);
				MARKETING_VERSION = 1.0;
				PRODUCT_BUNDLE_IDENTIFIER = com.mxy.Movies;
				PRODUCT_NAME = "$(TARGET_NAME)";
				SWIFT_EMIT_LOC_STRINGS = YES;
				SWIFT_VERSION = 5.0;
				TARGETED_DEVICE_FAMILY = "1,2";
			};
			name = Release;
		};
/* End XCBuildConfiguration section */

/* Begin XCConfigurationList section */
		7F69FAB32AD8DC7E00748A85 /* Build configuration list for PBXProject "Movies" */ = {
			isa = XCConfigurationList;
			buildConfigurations = (
				7F69FAC62AD8DC7F00748A85 /* Debug */,
				7F69FAC72AD8DC7F00748A85 /* Release */,
			);
			defaultConfigurationIsVisible = 0;
			defaultConfigurationName = Release;
		};
		7F69FAC82AD8DC7F00748A85 /* Build configuration list for PBXNativeTarget "Movies" */ = {
			isa = XCConfigurationList;
			buildConfigurations = (
				7F69FAC92AD8DC7F00748A85 /* Debug */,
				7F69FACA2AD8DC7F00748A85 /* Release */,
			);
			defaultConfigurationIsVisible = 0;
			defaultConfigurationName = Release;
		};
/* End XCConfigurationList section */
	};
	rootObject = 7F69FAB02AD8DC7E00748A85 /* Project object */;
}
